
Microsoft Visual Studio Solution File, Format Version 12.00
# Visual Studio Version 17
VisualStudioVersion = 17.6.33829.357
MinimumVisualStudioVersion = 10.0.40219.1
Project("{FAE04EC0-301F-11D3-BF4B-00C04F79EFBC}") = "DemoRESTWebApi", "DemoRESTWebApi\DemoRESTWebApi.csproj", "{FA5EA1B3-557C-4E05-8A65-E5CC11F92FC5}"
EndProject
Global
	GlobalSection(SolutionConfigurationPlatforms) = preSolution
		Debug|Any CPU = Debug|Any CPU
		Release|Any CPU = Release|Any CPU
	EndGlobalSection
	GlobalSection(ProjectConfigurationPlatforms) = postSolution
		{FA5EA1B3-557C-4E05-8A65-E5CC11F92FC5}.Debug|Any CPU.ActiveCfg = Debug|Any CPU
		{FA5EA1B3-557C-4E05-8A65-E5CC11F92FC5}.Debug|Any CPU.Build.0 = Debug|Any CPU
		{FA5EA1B3-557C-4E05-8A65-E5CC11F92FC5}.Release|Any CPU.ActiveCfg = Release|Any CPU
		{FA5EA1B3-557C-4E05-8A65-E5CC11F92FC5}.Release|Any CPU.Build.0 = Release|Any CPU
	EndGlobalSection
	GlobalSection(SolutionProperties) = preSolution
		HideSolutionNode = FALSE
	EndGlobalSection
	GlobalSection(ExtensibilityGlobals) = postSolution
		SolutionGuid = {36496F31-987F-424D-8FA2-64E2DEAA30DA}
	EndGlobalSection
EndGlobal
